
Microsoft Visual Studio Solution File, Format Version 12.00
# Visual Studio Version 17
VisualStudioVersion = 17.3.32922.545
MinimumVisualStudioVersion = 10.0.40219.1
Project("{FAE04EC0-301F-11D3-BF4B-00C04F79EFBC}") = "test z generowaniem", "test z generowaniem\test z generowaniem.csproj", "{ADB5D928-902D-43D1-A5F3-E6BF54487782}"
EndProject
Global
	GlobalSection(SolutionConfigurationPlatforms) = preSolution
		Debug|Any CPU = Debug|Any CPU
		Release|Any CPU = Release|Any CPU
	EndGlobalSection
	GlobalSection(ProjectConfigurationPlatforms) = postSolution
		{ADB5D928-902D-43D1-A5F3-E6BF54487782}.Debug|Any CPU.ActiveCfg = Debug|Any CPU
		{ADB5D928-902D-43D1-A5F3-E6BF54487782}.Debug|Any CPU.Build.0 = Debug|Any CPU
		{ADB5D928-902D-43D1-A5F3-E6BF54487782}.Release|Any CPU.ActiveCfg = Release|Any CPU
		{ADB5D928-902D-43D1-A5F3-E6BF54487782}.Release|Any CPU.Build.0 = Release|Any CPU
	EndGlobalSection
	GlobalSection(SolutionProperties) = preSolution
		HideSolutionNode = FALSE
	EndGlobalSection
	GlobalSection(ExtensibilityGlobals) = postSolution
		SolutionGuid = {1F1F8100-4D51-464E-A070-8E04C6FDC6C9}
	EndGlobalSection
EndGlobal
